
Microsoft Visual Studio Solution File, Format Version 12.00
# Visual Studio Version 16
VisualStudioVersion = 16.0.30503.244
MinimumVisualStudioVersion = 10.0.40219.1
Project("{9A19103F-16F7-4668-BE54-9A1E7A4F7556}") = "SensorEventsHub.Domain", "src\SensorEventsHub.Domain\SensorEventsHub.Domain.csproj", "{EE35B418-3007-47F4-85F7-BFB9D971C1FD}"
EndProject
Project("{9A19103F-16F7-4668-BE54-9A1E7A4F7556}") = "SensorEventsHub.Infrastructure", "src\SensorEventsHub.Infrastructure\SensorEventsHub.Infrastructure.csproj", "{EC639723-225A-42F3-AA8C-ED0E03EB9768}"
EndProject
Project("{9A19103F-16F7-4668-BE54-9A1E7A4F7556}") = "SensorEventsHub.App", "src\SensorEventsHub.App\SensorEventsHub.App.csproj", "{246E4487-B00F-4FFC-9364-D0E908F071A4}"
EndProject
Global
	GlobalSection(SolutionConfigurationPlatforms) = preSolution
		Debug|Any CPU = Debug|Any CPU
		Release|Any CPU = Release|Any CPU
	EndGlobalSection
	GlobalSection(ProjectConfigurationPlatforms) = postSolution
		{EE35B418-3007-47F4-85F7-BFB9D971C1FD}.Debug|Any CPU.ActiveCfg = Debug|Any CPU
		{EE35B418-3007-47F4-85F7-BFB9D971C1FD}.Debug|Any CPU.Build.0 = Debug|Any CPU
		{EE35B418-3007-47F4-85F7-BFB9D971C1FD}.Release|Any CPU.ActiveCfg = Release|Any CPU
		{EE35B418-3007-47F4-85F7-BFB9D971C1FD}.Release|Any CPU.Build.0 = Release|Any CPU
		{EC639723-225A-42F3-AA8C-ED0E03EB9768}.Debug|Any CPU.ActiveCfg = Debug|Any CPU
		{EC639723-225A-42F3-AA8C-ED0E03EB9768}.Debug|Any CPU.Build.0 = Debug|Any CPU
		{EC639723-225A-42F3-AA8C-ED0E03EB9768}.Release|Any CPU.ActiveCfg = Release|Any CPU
		{EC639723-225A-42F3-AA8C-ED0E03EB9768}.Release|Any CPU.Build.0 = Release|Any CPU
		{246E4487-B00F-4FFC-9364-D0E908F071A4}.Debug|Any CPU.ActiveCfg = Debug|Any CPU
		{246E4487-B00F-4FFC-9364-D0E908F071A4}.Debug|Any CPU.Build.0 = Debug|Any CPU
		{246E4487-B00F-4FFC-9364-D0E908F071A4}.Release|Any CPU.ActiveCfg = Release|Any CPU
		{246E4487-B00F-4FFC-9364-D0E908F071A4}.Release|Any CPU.Build.0 = Release|Any CPU
	EndGlobalSection
	GlobalSection(SolutionProperties) = preSolution
		HideSolutionNode = FALSE
	EndGlobalSection
	GlobalSection(ExtensibilityGlobals) = postSolution
		SolutionGuid = {2C18DFF5-748E-4377-8BC9-A7C16CAA3110}
	EndGlobalSection
EndGlobal
